%{"certifi": {:hex, :certifi, "0.7.0"},
  "floki": {:hex, :floki, "0.11.0"},
  "hackney": {:hex, :hackney, "1.6.3"},
  "httpoison": {:hex, :httpoison, "0.10.0"},
  "httpotion": {:hex, :httpotion, "3.0.2"},
  "ibrowse": {:hex, :ibrowse, "4.2.2"},
  "idna": {:hex, :idna, "1.2.0"},
  "metrics": {:hex, :metrics, "1.0.1"},
  "mimerl": {:hex, :mimerl, "1.0.2"},
  "mochiweb": {:hex, :mochiweb, "2.15.0"},
  "poison": {:hex, :poison, "3.0.0"},
  "ssl_verify_fun": {:hex, :ssl_verify_fun, "1.1.1"}}
